
Microsoft Visual Studio Solution File, Format Version 12.00
# Visual Studio Version 17
VisualStudioVersion = 17.9.34728.123
MinimumVisualStudioVersion = 10.0.40219.1
Project("{FAE04EC0-301F-11D3-BF4B-00C04F79EFBC}") = "ExcelPwdGen", "ExcelPwdGen\ExcelPwdGen.csproj", "{D64FD3CF-4242-42EB-A289-AA16637A4A48}"
EndProject
Project("{54435603-DBB4-11D2-8724-00A0C9A8B90C}") = "ExcelPwdGenSetup", "ExcelPwdGenSetup\ExcelPwdGenSetup.vdproj", "{F1AC8630-A3DB-482A-B319-B9F1D82987E9}"
EndProject
Global
	GlobalSection(SolutionConfigurationPlatforms) = preSolution
		Debug|Any CPU = Debug|Any CPU
		Release|Any CPU = Release|Any CPU
	EndGlobalSection
	GlobalSection(ProjectConfigurationPlatforms) = postSolution
		{D64FD3CF-4242-42EB-A289-AA16637A4A48}.Debug|Any CPU.ActiveCfg = Debug|Any CPU
		{D64FD3CF-4242-42EB-A289-AA16637A4A48}.Debug|Any CPU.Build.0 = Debug|Any CPU
		{D64FD3CF-4242-42EB-A289-AA16637A4A48}.Release|Any CPU.ActiveCfg = Release|Any CPU
		{D64FD3CF-4242-42EB-A289-AA16637A4A48}.Release|Any CPU.Build.0 = Release|Any CPU
		{F1AC8630-A3DB-482A-B319-B9F1D82987E9}.Debug|Any CPU.ActiveCfg = Debug
		{F1AC8630-A3DB-482A-B319-B9F1D82987E9}.Release|Any CPU.ActiveCfg = Release
	EndGlobalSection
	GlobalSection(SolutionProperties) = preSolution
		HideSolutionNode = FALSE
	EndGlobalSection
	GlobalSection(ExtensibilityGlobals) = postSolution
		SolutionGuid = {2324AFED-0F0B-4684-A971-88C89B579AA2}
	EndGlobalSection
EndGlobal
